
Microsoft Visual Studio Solution File, Format Version 12.00
Project("{FAE04EC0-301F-11D3-BF4B-00C04F79EFBC}") = "asteroids_finalproject", "asteroids_finalproject.csproj", "{220BB2E7-2BFB-4448-BBAF-EA5C8F154E3C}"
EndProject
Global
	GlobalSection(SolutionConfigurationPlatforms) = preSolution
		Debug|Any CPU = Debug|Any CPU
		Release|Any CPU = Release|Any CPU
	EndGlobalSection
	GlobalSection(ProjectConfigurationPlatforms) = postSolution
		{220BB2E7-2BFB-4448-BBAF-EA5C8F154E3C}.Debug|Any CPU.ActiveCfg = Debug|Any CPU
		{220BB2E7-2BFB-4448-BBAF-EA5C8F154E3C}.Debug|Any CPU.Build.0 = Debug|Any CPU
		{220BB2E7-2BFB-4448-BBAF-EA5C8F154E3C}.Release|Any CPU.ActiveCfg = Release|Any CPU
		{220BB2E7-2BFB-4448-BBAF-EA5C8F154E3C}.Release|Any CPU.Build.0 = Release|Any CPU
	EndGlobalSection
EndGlobal
